<?xml version="1.0" encoding="utf-8"?>
<Project ToolsVersion="4.0" xmlns="http://schemas.microsoft.com/developer/msbuild/2003">
  <ItemGroup>
    <Filter Include="nodes">
      <UniqueIdentifier>{e24936c2-50c2-430b-90ed-016547c22213}</UniqueIdentifier>
    </Filter>
  </ItemGroup>
  <ItemGroup>
    <ClInclude Include="..\..\src\nodes\nodes.h">
      <Filter>nodes</Filter>
    </ClInclude>
    <ClInclude Include="..\..\src\nodes\nodes_parse.h">
      <Filter>nodes</Filter>
    </ClInclude>
    <ClInclude Include="..\..\src\nodes\nodes_tasks.h">
      <Filter>nodes</Filter>
    </ClInclude>
    <ClInclude Include="..\..\src\nodes\nodes_cycle.h">
      <Filter>nodes</Filter>
    </ClInclude>
    <ClInclude Include="..\..\src\nodes\nodes_process.h">
      <Filter>nodes</Filter>
    </ClInclude>
    <ClInclude Include="..\..\src\nodes\nodes_handler.h">
      <Filter>nodes</Filter>
    </ClInclude>
    <ClInclude Include="..\..\src\nodes\nodes_exception.h">
      <Filter>nodes</Filter>
    </ClInclude>
    <ClInclude Include="..\..\src\nodes\nodes_cmdline.h">
      <Filter>nodes</Filter>
    </ClInclude>
    <ClInclude Include="..\..\src\nodes\nodes_testing.h">
      <Filter>nodes</Filter>
    </ClInclude>
    <ClInclude Include="..\..\src\nodes\nodes_stream.h">
      <Filter>nodes</Filter>
    </ClInclude>
  </ItemGroup>
  <ItemGroup>
    <ClCompile Include="..\..\src\nodes\nodes_accounts.cpp">
      <Filter>nodes</Filter>
    </ClCompile>
    <ClCompile Include="..\..\src\nodes\nodes_cycle.cpp">
      <Filter>nodes</Filter>
    </ClCompile>
    <ClCompile Include="..\..\src\nodes\nodes_parse.cpp">
      <Filter>nodes</Filter>
    </ClCompile>
    <ClCompile Include="..\..\src\nodes\nodes_process.cpp">
      <Filter>nodes</Filter>
    </ClCompile>
    <ClCompile Include="..\..\src\nodes\nodes_tasks.cpp">
      <Filter>nodes</Filter>
    </ClCompile>
    <ClCompile Include="..\..\src\nodes\nodes_handler.cpp">
      <Filter>nodes</Filter>
    </ClCompile>
    <ClCompile Include="..\..\src\nodes\nodes_exception.cpp">
      <Filter>nodes</Filter>
    </ClCompile>
    <ClCompile Include="..\..\src\nodes\nodes_cmdline.cpp">
      <Filter>nodes</Filter>
    </ClCompile>
    <ClCompile Include="..\..\src\nodes\nodes_testing.cpp">
      <Filter>nodes</Filter>
    </ClCompile>
    <ClCompile Include="..\..\src\nodes\nodes_stream.cpp">
      <Filter>nodes</Filter>
    </ClCompile>
  </ItemGroup>
</Project>